
Microsoft Visual Studio Solution File, Format Version 12.00
# Visual Studio Version 16
VisualStudioVersion = 16.0.29324.140
MinimumVisualStudioVersion = 10.0.40219.1
Project("{FAE04EC0-301F-11D3-BF4B-00C04F79EFBC}") = "FairytaleStoryGenerator", "FairytaleStoryGenerator.csproj", "{22692C8F-E5CF-48CD-9406-2A37904AE07C}"
EndProject
Global
	GlobalSection(SolutionConfigurationPlatforms) = preSolution
		Debug|Any CPU = Debug|Any CPU
		Release|Any CPU = Release|Any CPU
	EndGlobalSection
	GlobalSection(ProjectConfigurationPlatforms) = postSolution
		{22692C8F-E5CF-48CD-9406-2A37904AE07C}.Debug|Any CPU.ActiveCfg = Debug|Any CPU
		{22692C8F-E5CF-48CD-9406-2A37904AE07C}.Debug|Any CPU.Build.0 = Debug|Any CPU
		{22692C8F-E5CF-48CD-9406-2A37904AE07C}.Release|Any CPU.ActiveCfg = Release|Any CPU
		{22692C8F-E5CF-48CD-9406-2A37904AE07C}.Release|Any CPU.Build.0 = Release|Any CPU
	EndGlobalSection
	GlobalSection(SolutionProperties) = preSolution
		HideSolutionNode = FALSE
	EndGlobalSection
	GlobalSection(ExtensibilityGlobals) = postSolution
		SolutionGuid = {786CE5EE-CBF4-48F6-9BB5-B0EB47AF6C39}
	EndGlobalSection
EndGlobal
